
Microsoft Visual Studio Solution File, Format Version 12.00
# Visual Studio Version 17
VisualStudioVersion = 17.8.34525.116
MinimumVisualStudioVersion = 10.0.40219.1
Project("{9A19103F-16F7-4668-BE54-9A1E7A4F7556}") = "Block ciphers", "Ciphers\Block ciphers\Block ciphers.csproj", "{942696A9-A963-4325-80CB-9993D1558C29}"
EndProject
Project("{9A19103F-16F7-4668-BE54-9A1E7A4F7556}") = "Validation tests", "Validation tests\Validation tests.csproj", "{35D04E9F-210D-4770-893D-6406F3BB2F8E}"
EndProject
Project("{9A19103F-16F7-4668-BE54-9A1E7A4F7556}") = "Stream ciphers", "Ciphers\Stream ciphers\Stream ciphers.csproj", "{6F9B7AE0-9527-428D-A239-016B6B253F55}"
EndProject
Project("{9A19103F-16F7-4668-BE54-9A1E7A4F7556}") = "Asymmetric ciphers", "Ciphers\Asymmetric ciphers\Asymmetric ciphers.csproj", "{9D1D0CB6-89A7-46A1-81B9-A8D183AA9582}"
EndProject
Project("{9A19103F-16F7-4668-BE54-9A1E7A4F7556}") = "FPE ciphers", "Ciphers\FPE ciphers\FPE ciphers.csproj", "{2536B0FD-9D10-46B9-89A1-46D8147D046A}"
EndProject
Project("{9A19103F-16F7-4668-BE54-9A1E7A4F7556}") = "Homomorphic ciphers", "Ciphers\Homomorphic ciphers\Homomorphic ciphers.csproj", "{44766E3A-2FA9-44E6-B617-4C03A9387979}"
EndProject
Project("{9A19103F-16F7-4668-BE54-9A1E7A4F7556}") = "Hashes", "Ciphers\Hashes\Hashes.csproj", "{E0B89853-D4A2-48F1-B06F-60ECCA9E4DBF}"
EndProject
Project("{2150E333-8FDC-42A3-9474-1A3956D46DE8}") = "Ciphers", "Ciphers", "{63CF0F15-2ADE-4CC9-ACB0-DAAA432CC8A9}"
EndProject
Project("{2150E333-8FDC-42A3-9474-1A3956D46DE8}") = "Data generators", "Data generators", "{3D708D2A-9346-497C-9A8A-3A0C0778D84B}"
EndProject
Project("{9A19103F-16F7-4668-BE54-9A1E7A4F7556}") = "Identifying data", "Data generators\Identifying data\Identifying data.csproj", "{6E6D0FF3-20DC-4965-8983-8119A29F61BC}"
EndProject
Project("{9A19103F-16F7-4668-BE54-9A1E7A4F7556}") = "General data", "Data generators\General Data\General data.csproj", "{69AB06AF-B287-4BDE-BF66-D66675CD6027}"
EndProject
Project("{9A19103F-16F7-4668-BE54-9A1E7A4F7556}") = "Digital data", "Data generators\Digital data\Digital data.csproj", "{EA741EBA-4115-4C82-B84A-57039C6B4632}"
EndProject
Project("{9A19103F-16F7-4668-BE54-9A1E7A4F7556}") = "LaborData", "Data generators\LaboralData\LaborData.csproj", "{76D31B21-C2CE-4BFF-959E-10B6949A0AC1}"
EndProject
Project("{9A19103F-16F7-4668-BE54-9A1E7A4F7556}") = "Transit and migratory data", "Data generators\TransitAndMigratoryData\Transit and migratory data.csproj", "{98C2FBD9-B391-4B90-AC9C-5778E93E0475}"
EndProject
Project("{9A19103F-16F7-4668-BE54-9A1E7A4F7556}") = "Patrimony data", "Data generators\Patrimony data\Patrimony data.csproj", "{EB3057F4-065E-431D-9E79-B02502AA85F3}"
EndProject
Project("{9A19103F-16F7-4668-BE54-9A1E7A4F7556}") = "Health data", "Data generators\Health data\Health data.csproj", "{9ECDCA6C-327A-48CB-940C-4D3D5D6B6EF8}"
EndProject
Project("{9A19103F-16F7-4668-BE54-9A1E7A4F7556}") = "Academic data", "Data generators\Academic data\Academic data.csproj", "{C0DA6AA6-BC8A-45C6-8653-68387652664D}"
EndProject
Project("{9A19103F-16F7-4668-BE54-9A1E7A4F7556}") = "Ideological data", "Data generators\Ideological data\Ideological data.csproj", "{ADF67B49-CA97-43B6-9736-85C3B3D36369}"
EndProject
Project("{9A19103F-16F7-4668-BE54-9A1E7A4F7556}") = "Intimate data", "Data generators\Intimate data\Intimate data.csproj", "{E8B155AB-5B19-46F3-B51E-78FCBB339AF8}"
EndProject
Project("{9A19103F-16F7-4668-BE54-9A1E7A4F7556}") = "Biometric data", "Data generators\Biometric data\Biometric data.csproj", "{8CB8635C-A204-4900-B798-F53D478F0CC7}"
EndProject
Project("{2150E333-8FDC-42A3-9474-1A3956D46DE8}") = "Benchmark tests", "Benchmark tests", "{C032C7DE-3E81-40C6-A07B-5803FE75578F}"
EndProject
Project("{2150E333-8FDC-42A3-9474-1A3956D46DE8}") = "Identifying data tests", "Identifying data tests", "{A31331AD-5F12-4157-A903-B089AAB16AFF}"
EndProject
Project("{9A19103F-16F7-4668-BE54-9A1E7A4F7556}") = "Name tests", "Benchmark tests\Identifying data tests\Name tests\Name tests.csproj", "{DC44BD9A-4A52-483D-8A0B-433AF7920D11}"
EndProject
Project("{9A19103F-16F7-4668-BE54-9A1E7A4F7556}") = "Born date tests", "Benchmark tests\Identifying data tests\Born date tests\Born date tests.csproj", "{5B09CA84-1575-4947-96A1-041FDB9241F9}"
EndProject
Project("{9A19103F-16F7-4668-BE54-9A1E7A4F7556}") = "Curp tests", "Benchmark tests\Identifying data tests\Curp tests\Curp tests.csproj", "{39740514-C4E0-4691-BC19-F5724E66B9CF}"
EndProject
Project("{9A19103F-16F7-4668-BE54-9A1E7A4F7556}") = "Address tests", "Benchmark tests\Identifying data tests\Addresses tests\Address tests.csproj", "{581C0929-752A-4CD9-8BC3-1D51E5680EF2}"
EndProject
Project("{9A19103F-16F7-4668-BE54-9A1E7A4F7556}") = "Template tests", "Benchmark tests\Template tests\Template tests.csproj", "{AE891B63-E98B-4D48-8BBB-043C5AE766AC}"
EndProject
Project("{9A19103F-16F7-4668-BE54-9A1E7A4F7556}") = "Rfc tests", "Benchmark tests\Identifying data tests\Rfc tests\Rfc tests.csproj", "{366C932C-FDEA-424A-926C-F1932BA21704}"
EndProject
Project("{9A19103F-16F7-4668-BE54-9A1E7A4F7556}") = "Phone tests", "Benchmark tests\Identifying data tests\Phone tests\Phone tests.csproj", "{DD051279-CD66-4A14-BC7C-CF12CE00BD82}"
EndProject
Project("{9A19103F-16F7-4668-BE54-9A1E7A4F7556}") = "Ine cic tests", "Benchmark tests\Identifying data tests\Ine cic tests\Ine cic tests.csproj", "{498E660D-128A-4CF7-9810-DAC4AC4C80CE}"
EndProject
Project("{9A19103F-16F7-4668-BE54-9A1E7A4F7556}") = "Military service number tests", "Benchmark tests\Identifying data tests\Military service number tests\Military service number tests.csproj", "{C467915F-4E19-4C98-8F42-A6D6B232F84A}"
EndProject
Project("{2150E333-8FDC-42A3-9474-1A3956D46DE8}") = "Digital data tests", "Digital data tests", "{BEC0B440-91F5-49A1-9D53-F408F8AFA340}"
EndProject
Project("{9A19103F-16F7-4668-BE54-9A1E7A4F7556}") = "Email tests", "Benchmark tests\Digital data tests\Email tests\Email tests.csproj", "{56FF9D6A-8417-4694-B621-E092EE2B184A}"
EndProject
Project("{9A19103F-16F7-4668-BE54-9A1E7A4F7556}") = "Username tests", "Benchmark tests\Digital data tests\Username tests\Username tests.csproj", "{CB17BF86-EE6B-4018-AA57-C2BA5748CD68}"
EndProject
Project("{9A19103F-16F7-4668-BE54-9A1E7A4F7556}") = "Password tests", "Benchmark tests\Digital data tests\Password tests\Password tests.csproj", "{69A38847-5D41-4206-A263-1CDFC75A0F55}"
EndProject
Project("{2150E333-8FDC-42A3-9474-1A3956D46DE8}") = "Labor data", "Labor data", "{90ED2E54-7F87-439F-8575-F9F5893D5883}"
EndProject
Project("{9A19103F-16F7-4668-BE54-9A1E7A4F7556}") = "Company tests", "Benchmark tests\Labor data tests\Company tests\Company tests.csproj", "{A0993BD0-0777-430B-A2B6-70C52C725867}"
EndProject
Project("{9A19103F-16F7-4668-BE54-9A1E7A4F7556}") = "Position tests", "Benchmark tests\Labor data tests\Position tests\Position tests.csproj", "{BE8F97FD-7790-42DE-AE47-A44B5D999C0B}"
EndProject
Project("{2150E333-8FDC-42A3-9474-1A3956D46DE8}") = "Transit and migratory data tests", "Transit and migratory data tests", "{A6F5BC0F-D203-447A-847E-F053151ED704}"
EndProject
Project("{9A19103F-16F7-4668-BE54-9A1E7A4F7556}") = "Passport id tests", "Benchmark tests\Transit and migratory data tests\Passport id tests\Passport id tests.csproj", "{347C99C4-E79F-4709-92D8-1E24E9120859}"
EndProject
Project("{9A19103F-16F7-4668-BE54-9A1E7A4F7556}") = "Visa tests", "Benchmark tests\Transit and migratory data tests\Visa tests\Visa tests.csproj", "{D46CECD6-3207-48AF-B7FB-88D8C43242C0}"
EndProject
Project("{9A19103F-16F7-4668-BE54-9A1E7A4F7556}") = "Niv tests", "Benchmark tests\Transit and migratory data tests\Niv tests\Niv tests.csproj", "{6450AEEB-B17A-4E80-9549-65A341B90E10}"
EndProject
Project("{9A19103F-16F7-4668-BE54-9A1E7A4F7556}") = "Vehicular license tests", "Benchmark tests\Transit and migratory data tests\Vehicular license tests\Vehicular license tests.csproj", "{BA483702-398C-47FD-A5A2-8E589888C383}"
EndProject
Project("{9A19103F-16F7-4668-BE54-9A1E7A4F7556}") = "Automobile license plate tests", "Benchmark tests\Transit and migratory data tests\Automobile license plate tests\Automobile license plate tests.csproj", "{27C169E4-4626-4C27-8314-DB09A758FF2D}"
EndProject
Project("{2150E333-8FDC-42A3-9474-1A3956D46DE8}") = "Patrimony data tests", "Patrimony data tests", "{131CB343-13F2-49C2-BCE7-ACD079081C5E}"
EndProject
Project("{9A19103F-16F7-4668-BE54-9A1E7A4F7556}") = "Salary tests", "Benchmark tests\Patrimony data tests\Salary tests\Salary tests.csproj", "{6FB88DDB-FB3B-4288-913C-383CABA2C4C7}"
EndProject
Project("{2150E333-8FDC-42A3-9474-1A3956D46DE8}") = "Credit information tests", "Credit information tests", "{FC607831-CED6-426D-B074-7F3ACDC507D7}"
EndProject
Project("{9A19103F-16F7-4668-BE54-9A1E7A4F7556}") = "Credit card number tests", "Benchmark tests\Patrimony data tests\Credit information tests\Credit card number tests\Credit card number tests.csproj", "{C7FC29BE-99D0-4E8E-BE62-1A1F73CF78CB}"
EndProject
Project("{9A19103F-16F7-4668-BE54-9A1E7A4F7556}") = "Cvv tests", "Benchmark tests\Patrimony data tests\Credit information tests\Cvv tests\Cvv tests.csproj", "{34111174-927E-467B-B2EB-7B00504C15B2}"
EndProject
Project("{9A19103F-16F7-4668-BE54-9A1E7A4F7556}") = "Transaction state tests", "Benchmark tests\Patrimony data tests\Credit information tests\Transaction state tests\Transaction state tests.csproj", "{009E75C2-EB73-4918-83D0-7B1D6722039A}"
EndProject
Project("{2150E333-8FDC-42A3-9474-1A3956D46DE8}") = "Insurance tests", "Insurance tests", "{6F5C9D45-3B28-47E3-826B-C75DC66E58BA}"
EndProject
Project("{9A19103F-16F7-4668-BE54-9A1E7A4F7556}") = "Insurance identifier tests", "Benchmark tests\Patrimony data tests\Insurance tests\Insurance identifier tests\Insurance identifier tests.csproj", "{320B4BB3-7A83-49A5-BD79-68997BA3CA47}"
EndProject
Project("{9A19103F-16F7-4668-BE54-9A1E7A4F7556}") = "Details tests", "Benchmark tests\Patrimony data tests\Insurance tests\Details tests\Details tests.csproj", "{4ACAC106-E6DB-48A2-BBC2-CAABA3793FE3}"
EndProject
Project("{9A19103F-16F7-4668-BE54-9A1E7A4F7556}") = "Policies tests", "Benchmark tests\Patrimony data tests\Policies tests\Policies tests.csproj", "{ABE747A3-F847-462F-B796-D1D15F2829A6}"
EndProject
Project("{9A19103F-16F7-4668-BE54-9A1E7A4F7556}") = "Taxes tests", "Benchmark tests\Patrimony data tests\Taxes tests\Taxes tests.csproj", "{38DA9401-9E93-4DD2-BBE8-859851E2A177}"
EndProject
Project("{9A19103F-16F7-4668-BE54-9A1E7A4F7556}") = "Bank account tests", "Benchmark tests\Patrimony data tests\Bank account tests\Bank account tests.csproj", "{FE6BA10F-F81A-451C-9963-894D94884B0A}"
EndProject
Project("{9A19103F-16F7-4668-BE54-9A1E7A4F7556}") = "Afore tests", "Benchmark tests\Patrimony data tests\Afore tests\Afore tests.csproj", "{182D5545-C6E8-4A72-9744-744CF0126F01}"
EndProject
Project("{2150E333-8FDC-42A3-9474-1A3956D46DE8}") = "Health data", "Health data", "{14DE3015-E63E-4AA2-A31D-AB235660BBBB}"
EndProject
Project("{9A19103F-16F7-4668-BE54-9A1E7A4F7556}") = "Clinic studies tests", "Benchmark tests\Health data tests\Clinic studies tests\Clinic studies tests.csproj", "{1DD132FD-15E8-4666-BCB8-F80E297C066F}"
EndProject
Project("{9A19103F-16F7-4668-BE54-9A1E7A4F7556}") = "Clinic historical tests", "Benchmark tests\Health data tests\Clinic historical tests\Clinic historical tests.csproj", "{5E31D9EC-C0AD-4231-89D9-77352CD767E5}"
EndProject
Project("{9A19103F-16F7-4668-BE54-9A1E7A4F7556}") = "Nss tests", "Benchmark tests\Health data tests\Nss tests\Nss tests.csproj", "{8218F29B-7A3A-4CEF-82E7-B48F6185EF4C}"
EndProject
Project("{2150E333-8FDC-42A3-9474-1A3956D46DE8}") = "Academic data tests", "Academic data tests", "{0A6093B3-0304-47A0-B8AD-A8B32FC7A240}"
EndProject
Project("{9A19103F-16F7-4668-BE54-9A1E7A4F7556}") = "School tests", "Benchmark tests\Academic data tests\School tests\School tests.csproj", "{108ED2F3-F51B-4740-9B35-0B8C63CF92A4}"
EndProject
Project("{9A19103F-16F7-4668-BE54-9A1E7A4F7556}") = "Degrees tests", "Benchmark tests\Academic data tests\Degrees tests\Degrees tests.csproj", "{FFA9651D-A9FC-4A5A-9A49-987A33440DC7}"
EndProject
Project("{9A19103F-16F7-4668-BE54-9A1E7A4F7556}") = "Referrals tests", "Benchmark tests\Academic data tests\Referrals tests\Referrals tests.csproj", "{540FFD99-B14C-4EE7-89C3-DD9EEC0A19DE}"
EndProject
Project("{9A19103F-16F7-4668-BE54-9A1E7A4F7556}") = "Report cards tests", "Benchmark tests\Academic data tests\Report cards tests\Report cards tests.csproj", "{E1641827-83C8-412A-873A-92EBB6A32531}"
EndProject
Project("{9A19103F-16F7-4668-BE54-9A1E7A4F7556}") = "Certifications tests", "Benchmark tests\Academic data tests\Certifications tests\Certifications tests.csproj", "{43029892-68EF-4363-BAE3-7AC03979A07B}"
EndProject
Project("{FAE04EC0-301F-11D3-BF4B-00C04F79EFBC}") = "Enrolment tests", "Benchmark tests\Academic data tests\Enrolment tests\Enrolment tests.csproj", "{B32611E7-92FF-4EBA-9377-3646287EDE70}"
EndProject
Global
	GlobalSection(SolutionConfigurationPlatforms) = preSolution
		Debug|Any CPU = Debug|Any CPU
		Release|Any CPU = Release|Any CPU
	EndGlobalSection
	GlobalSection(ProjectConfigurationPlatforms) = postSolution
		{942696A9-A963-4325-80CB-9993D1558C29}.Debug|Any CPU.ActiveCfg = Debug|Any CPU
		{942696A9-A963-4325-80CB-9993D1558C29}.Debug|Any CPU.Build.0 = Debug|Any CPU
		{942696A9-A963-4325-80CB-9993D1558C29}.Release|Any CPU.ActiveCfg = Release|Any CPU
		{942696A9-A963-4325-80CB-9993D1558C29}.Release|Any CPU.Build.0 = Release|Any CPU
		{35D04E9F-210D-4770-893D-6406F3BB2F8E}.Debug|Any CPU.ActiveCfg = Debug|Any CPU
		{35D04E9F-210D-4770-893D-6406F3BB2F8E}.Debug|Any CPU.Build.0 = Debug|Any CPU
		{35D04E9F-210D-4770-893D-6406F3BB2F8E}.Release|Any CPU.ActiveCfg = Release|Any CPU
		{35D04E9F-210D-4770-893D-6406F3BB2F8E}.Release|Any CPU.Build.0 = Release|Any CPU
		{6F9B7AE0-9527-428D-A239-016B6B253F55}.Debug|Any CPU.ActiveCfg = Debug|Any CPU
		{6F9B7AE0-9527-428D-A239-016B6B253F55}.Debug|Any CPU.Build.0 = Debug|Any CPU
		{6F9B7AE0-9527-428D-A239-016B6B253F55}.Release|Any CPU.ActiveCfg = Release|Any CPU
		{6F9B7AE0-9527-428D-A239-016B6B253F55}.Release|Any CPU.Build.0 = Release|Any CPU
		{9D1D0CB6-89A7-46A1-81B9-A8D183AA9582}.Debug|Any CPU.ActiveCfg = Debug|Any CPU
		{9D1D0CB6-89A7-46A1-81B9-A8D183AA9582}.Debug|Any CPU.Build.0 = Debug|Any CPU
		{9D1D0CB6-89A7-46A1-81B9-A8D183AA9582}.Release|Any CPU.ActiveCfg = Release|Any CPU
		{9D1D0CB6-89A7-46A1-81B9-A8D183AA9582}.Release|Any CPU.Build.0 = Release|Any CPU
		{2536B0FD-9D10-46B9-89A1-46D8147D046A}.Debug|Any CPU.ActiveCfg = Debug|Any CPU
		{2536B0FD-9D10-46B9-89A1-46D8147D046A}.Debug|Any CPU.Build.0 = Debug|Any CPU
		{2536B0FD-9D10-46B9-89A1-46D8147D046A}.Release|Any CPU.ActiveCfg = Release|Any CPU
		{2536B0FD-9D10-46B9-89A1-46D8147D046A}.Release|Any CPU.Build.0 = Release|Any CPU
		{44766E3A-2FA9-44E6-B617-4C03A9387979}.Debug|Any CPU.ActiveCfg = Debug|Any CPU
		{44766E3A-2FA9-44E6-B617-4C03A9387979}.Debug|Any CPU.Build.0 = Debug|Any CPU
		{44766E3A-2FA9-44E6-B617-4C03A9387979}.Release|Any CPU.ActiveCfg = Release|Any CPU
		{44766E3A-2FA9-44E6-B617-4C03A9387979}.Release|Any CPU.Build.0 = Release|Any CPU
		{E0B89853-D4A2-48F1-B06F-60ECCA9E4DBF}.Debug|Any CPU.ActiveCfg = Debug|Any CPU
		{E0B89853-D4A2-48F1-B06F-60ECCA9E4DBF}.Debug|Any CPU.Build.0 = Debug|Any CPU
		{E0B89853-D4A2-48F1-B06F-60ECCA9E4DBF}.Release|Any CPU.ActiveCfg = Release|Any CPU
		{E0B89853-D4A2-48F1-B06F-60ECCA9E4DBF}.Release|Any CPU.Build.0 = Release|Any CPU
		{6E6D0FF3-20DC-4965-8983-8119A29F61BC}.Debug|Any CPU.ActiveCfg = Debug|Any CPU
		{6E6D0FF3-20DC-4965-8983-8119A29F61BC}.Debug|Any CPU.Build.0 = Debug|Any CPU
		{6E6D0FF3-20DC-4965-8983-8119A29F61BC}.Release|Any CPU.ActiveCfg = Release|Any CPU
		{6E6D0FF3-20DC-4965-8983-8119A29F61BC}.Release|Any CPU.Build.0 = Release|Any CPU
		{69AB06AF-B287-4BDE-BF66-D66675CD6027}.Debug|Any CPU.ActiveCfg = Debug|Any CPU
		{69AB06AF-B287-4BDE-BF66-D66675CD6027}.Debug|Any CPU.Build.0 = Debug|Any CPU
		{69AB06AF-B287-4BDE-BF66-D66675CD6027}.Release|Any CPU.ActiveCfg = Release|Any CPU
		{69AB06AF-B287-4BDE-BF66-D66675CD6027}.Release|Any CPU.Build.0 = Release|Any CPU
		{EA741EBA-4115-4C82-B84A-57039C6B4632}.Debug|Any CPU.ActiveCfg = Debug|Any CPU
		{EA741EBA-4115-4C82-B84A-57039C6B4632}.Debug|Any CPU.Build.0 = Debug|Any CPU
		{EA741EBA-4115-4C82-B84A-57039C6B4632}.Release|Any CPU.ActiveCfg = Release|Any CPU
		{EA741EBA-4115-4C82-B84A-57039C6B4632}.Release|Any CPU.Build.0 = Release|Any CPU
		{76D31B21-C2CE-4BFF-959E-10B6949A0AC1}.Debug|Any CPU.ActiveCfg = Debug|Any CPU
		{76D31B21-C2CE-4BFF-959E-10B6949A0AC1}.Debug|Any CPU.Build.0 = Debug|Any CPU
		{76D31B21-C2CE-4BFF-959E-10B6949A0AC1}.Release|Any CPU.ActiveCfg = Release|Any CPU
		{76D31B21-C2CE-4BFF-959E-10B6949A0AC1}.Release|Any CPU.Build.0 = Release|Any CPU
		{98C2FBD9-B391-4B90-AC9C-5778E93E0475}.Debug|Any CPU.ActiveCfg = Debug|Any CPU
		{98C2FBD9-B391-4B90-AC9C-5778E93E0475}.Debug|Any CPU.Build.0 = Debug|Any CPU
		{98C2FBD9-B391-4B90-AC9C-5778E93E0475}.Release|Any CPU.ActiveCfg = Release|Any CPU
		{98C2FBD9-B391-4B90-AC9C-5778E93E0475}.Release|Any CPU.Build.0 = Release|Any CPU
		{EB3057F4-065E-431D-9E79-B02502AA85F3}.Debug|Any CPU.ActiveCfg = Debug|Any CPU
		{EB3057F4-065E-431D-9E79-B02502AA85F3}.Debug|Any CPU.Build.0 = Debug|Any CPU
		{EB3057F4-065E-431D-9E79-B02502AA85F3}.Release|Any CPU.ActiveCfg = Release|Any CPU
		{EB3057F4-065E-431D-9E79-B02502AA85F3}.Release|Any CPU.Build.0 = Release|Any CPU
		{9ECDCA6C-327A-48CB-940C-4D3D5D6B6EF8}.Debug|Any CPU.ActiveCfg = Debug|Any CPU
		{9ECDCA6C-327A-48CB-940C-4D3D5D6B6EF8}.Debug|Any CPU.Build.0 = Debug|Any CPU
		{9ECDCA6C-327A-48CB-940C-4D3D5D6B6EF8}.Release|Any CPU.ActiveCfg = Release|Any CPU
		{9ECDCA6C-327A-48CB-940C-4D3D5D6B6EF8}.Release|Any CPU.Build.0 = Release|Any CPU
		{C0DA6AA6-BC8A-45C6-8653-68387652664D}.Debug|Any CPU.ActiveCfg = Debug|Any CPU
		{C0DA6AA6-BC8A-45C6-8653-68387652664D}.Debug|Any CPU.Build.0 = Debug|Any CPU
		{C0DA6AA6-BC8A-45C6-8653-68387652664D}.Release|Any CPU.ActiveCfg = Release|Any CPU
		{C0DA6AA6-BC8A-45C6-8653-68387652664D}.Release|Any CPU.Build.0 = Release|Any CPU
		{ADF67B49-CA97-43B6-9736-85C3B3D36369}.Debug|Any CPU.ActiveCfg = Debug|Any CPU
		{ADF67B49-CA97-43B6-9736-85C3B3D36369}.Debug|Any CPU.Build.0 = Debug|Any CPU
		{ADF67B49-CA97-43B6-9736-85C3B3D36369}.Release|Any CPU.ActiveCfg = Release|Any CPU
		{ADF67B49-CA97-43B6-9736-85C3B3D36369}.Release|Any CPU.Build.0 = Release|Any CPU
		{E8B155AB-5B19-46F3-B51E-78FCBB339AF8}.Debug|Any CPU.ActiveCfg = Debug|Any CPU
		{E8B155AB-5B19-46F3-B51E-78FCBB339AF8}.Debug|Any CPU.Build.0 = Debug|Any CPU
		{E8B155AB-5B19-46F3-B51E-78FCBB339AF8}.Release|Any CPU.ActiveCfg = Release|Any CPU
		{E8B155AB-5B19-46F3-B51E-78FCBB339AF8}.Release|Any CPU.Build.0 = Release|Any CPU
		{8CB8635C-A204-4900-B798-F53D478F0CC7}.Debug|Any CPU.ActiveCfg = Debug|Any CPU
		{8CB8635C-A204-4900-B798-F53D478F0CC7}.Debug|Any CPU.Build.0 = Debug|Any CPU
		{8CB8635C-A204-4900-B798-F53D478F0CC7}.Release|Any CPU.ActiveCfg = Release|Any CPU
		{8CB8635C-A204-4900-B798-F53D478F0CC7}.Release|Any CPU.Build.0 = Release|Any CPU
		{DC44BD9A-4A52-483D-8A0B-433AF7920D11}.Debug|Any CPU.ActiveCfg = Debug|Any CPU
		{DC44BD9A-4A52-483D-8A0B-433AF7920D11}.Debug|Any CPU.Build.0 = Debug|Any CPU
		{DC44BD9A-4A52-483D-8A0B-433AF7920D11}.Release|Any CPU.ActiveCfg = Release|Any CPU
		{DC44BD9A-4A52-483D-8A0B-433AF7920D11}.Release|Any CPU.Build.0 = Release|Any CPU
		{5B09CA84-1575-4947-96A1-041FDB9241F9}.Debug|Any CPU.ActiveCfg = Debug|Any CPU
		{5B09CA84-1575-4947-96A1-041FDB9241F9}.Debug|Any CPU.Build.0 = Debug|Any CPU
		{5B09CA84-1575-4947-96A1-041FDB9241F9}.Release|Any CPU.ActiveCfg = Release|Any CPU
		{5B09CA84-1575-4947-96A1-041FDB9241F9}.Release|Any CPU.Build.0 = Release|Any CPU
		{39740514-C4E0-4691-BC19-F5724E66B9CF}.Debug|Any CPU.ActiveCfg = Debug|Any CPU
		{39740514-C4E0-4691-BC19-F5724E66B9CF}.Debug|Any CPU.Build.0 = Debug|Any CPU
		{39740514-C4E0-4691-BC19-F5724E66B9CF}.Release|Any CPU.ActiveCfg = Release|Any CPU
		{39740514-C4E0-4691-BC19-F5724E66B9CF}.Release|Any CPU.Build.0 = Release|Any CPU
		{581C0929-752A-4CD9-8BC3-1D51E5680EF2}.Debug|Any CPU.ActiveCfg = Debug|Any CPU
		{581C0929-752A-4CD9-8BC3-1D51E5680EF2}.Debug|Any CPU.Build.0 = Debug|Any CPU
		{581C0929-752A-4CD9-8BC3-1D51E5680EF2}.Release|Any CPU.ActiveCfg = Release|Any CPU
		{581C0929-752A-4CD9-8BC3-1D51E5680EF2}.Release|Any CPU.Build.0 = Release|Any CPU
		{AE891B63-E98B-4D48-8BBB-043C5AE766AC}.Debug|Any CPU.ActiveCfg = Debug|Any CPU
		{AE891B63-E98B-4D48-8BBB-043C5AE766AC}.Debug|Any CPU.Build.0 = Debug|Any CPU
		{AE891B63-E98B-4D48-8BBB-043C5AE766AC}.Release|Any CPU.ActiveCfg = Release|Any CPU
		{AE891B63-E98B-4D48-8BBB-043C5AE766AC}.Release|Any CPU.Build.0 = Release|Any CPU
		{366C932C-FDEA-424A-926C-F1932BA21704}.Debug|Any CPU.ActiveCfg = Debug|Any CPU
		{366C932C-FDEA-424A-926C-F1932BA21704}.Debug|Any CPU.Build.0 = Debug|Any CPU
		{366C932C-FDEA-424A-926C-F1932BA21704}.Release|Any CPU.ActiveCfg = Release|Any CPU
		{366C932C-FDEA-424A-926C-F1932BA21704}.Release|Any CPU.Build.0 = Release|Any CPU
		{DD051279-CD66-4A14-BC7C-CF12CE00BD82}.Debug|Any CPU.ActiveCfg = Debug|Any CPU
		{DD051279-CD66-4A14-BC7C-CF12CE00BD82}.Debug|Any CPU.Build.0 = Debug|Any CPU
		{DD051279-CD66-4A14-BC7C-CF12CE00BD82}.Release|Any CPU.ActiveCfg = Release|Any CPU
		{DD051279-CD66-4A14-BC7C-CF12CE00BD82}.Release|Any CPU.Build.0 = Release|Any CPU
		{498E660D-128A-4CF7-9810-DAC4AC4C80CE}.Debug|Any CPU.ActiveCfg = Debug|Any CPU
		{498E660D-128A-4CF7-9810-DAC4AC4C80CE}.Debug|Any CPU.Build.0 = Debug|Any CPU
		{498E660D-128A-4CF7-9810-DAC4AC4C80CE}.Release|Any CPU.ActiveCfg = Release|Any CPU
		{498E660D-128A-4CF7-9810-DAC4AC4C80CE}.Release|Any CPU.Build.0 = Release|Any CPU
		{C467915F-4E19-4C98-8F42-A6D6B232F84A}.Debug|Any CPU.ActiveCfg = Debug|Any CPU
		{C467915F-4E19-4C98-8F42-A6D6B232F84A}.Debug|Any CPU.Build.0 = Debug|Any CPU
		{C467915F-4E19-4C98-8F42-A6D6B232F84A}.Release|Any CPU.ActiveCfg = Release|Any CPU
		{C467915F-4E19-4C98-8F42-A6D6B232F84A}.Release|Any CPU.Build.0 = Release|Any CPU
		{56FF9D6A-8417-4694-B621-E092EE2B184A}.Debug|Any CPU.ActiveCfg = Debug|Any CPU
		{56FF9D6A-8417-4694-B621-E092EE2B184A}.Debug|Any CPU.Build.0 = Debug|Any CPU
		{56FF9D6A-8417-4694-B621-E092EE2B184A}.Release|Any CPU.ActiveCfg = Release|Any CPU
		{56FF9D6A-8417-4694-B621-E092EE2B184A}.Release|Any CPU.Build.0 = Release|Any CPU
		{CB17BF86-EE6B-4018-AA57-C2BA5748CD68}.Debug|Any CPU.ActiveCfg = Debug|Any CPU
		{CB17BF86-EE6B-4018-AA57-C2BA5748CD68}.Debug|Any CPU.Build.0 = Debug|Any CPU
		{CB17BF86-EE6B-4018-AA57-C2BA5748CD68}.Release|Any CPU.ActiveCfg = Release|Any CPU
		{CB17BF86-EE6B-4018-AA57-C2BA5748CD68}.Release|Any CPU.Build.0 = Release|Any CPU
		{69A38847-5D41-4206-A263-1CDFC75A0F55}.Debug|Any CPU.ActiveCfg = Debug|Any CPU
		{69A38847-5D41-4206-A263-1CDFC75A0F55}.Debug|Any CPU.Build.0 = Debug|Any CPU
		{69A38847-5D41-4206-A263-1CDFC75A0F55}.Release|Any CPU.ActiveCfg = Release|Any CPU
		{69A38847-5D41-4206-A263-1CDFC75A0F55}.Release|Any CPU.Build.0 = Release|Any CPU
		{A0993BD0-0777-430B-A2B6-70C52C725867}.Debug|Any CPU.ActiveCfg = Debug|Any CPU
		{A0993BD0-0777-430B-A2B6-70C52C725867}.Debug|Any CPU.Build.0 = Debug|Any CPU
		{A0993BD0-0777-430B-A2B6-70C52C725867}.Release|Any CPU.ActiveCfg = Release|Any CPU
		{A0993BD0-0777-430B-A2B6-70C52C725867}.Release|Any CPU.Build.0 = Release|Any CPU
		{BE8F97FD-7790-42DE-AE47-A44B5D999C0B}.Debug|Any CPU.ActiveCfg = Debug|Any CPU
		{BE8F97FD-7790-42DE-AE47-A44B5D999C0B}.Debug|Any CPU.Build.0 = Debug|Any CPU
		{BE8F97FD-7790-42DE-AE47-A44B5D999C0B}.Release|Any CPU.ActiveCfg = Release|Any CPU
		{BE8F97FD-7790-42DE-AE47-A44B5D999C0B}.Release|Any CPU.Build.0 = Release|Any CPU
		{347C99C4-E79F-4709-92D8-1E24E9120859}.Debug|Any CPU.ActiveCfg = Debug|Any CPU
		{347C99C4-E79F-4709-92D8-1E24E9120859}.Debug|Any CPU.Build.0 = Debug|Any CPU
		{347C99C4-E79F-4709-92D8-1E24E9120859}.Release|Any CPU.ActiveCfg = Release|Any CPU
		{347C99C4-E79F-4709-92D8-1E24E9120859}.Release|Any CPU.Build.0 = Release|Any CPU
		{D46CECD6-3207-48AF-B7FB-88D8C43242C0}.Debug|Any CPU.ActiveCfg = Debug|Any CPU
		{D46CECD6-3207-48AF-B7FB-88D8C43242C0}.Debug|Any CPU.Build.0 = Debug|Any CPU
		{D46CECD6-3207-48AF-B7FB-88D8C43242C0}.Release|Any CPU.ActiveCfg = Release|Any CPU
		{D46CECD6-3207-48AF-B7FB-88D8C43242C0}.Release|Any CPU.Build.0 = Release|Any CPU
		{6450AEEB-B17A-4E80-9549-65A341B90E10}.Debug|Any CPU.ActiveCfg = Debug|Any CPU
		{6450AEEB-B17A-4E80-9549-65A341B90E10}.Debug|Any CPU.Build.0 = Debug|Any CPU
		{6450AEEB-B17A-4E80-9549-65A341B90E10}.Release|Any CPU.ActiveCfg = Release|Any CPU
		{6450AEEB-B17A-4E80-9549-65A341B90E10}.Release|Any CPU.Build.0 = Release|Any CPU
		{BA483702-398C-47FD-A5A2-8E589888C383}.Debug|Any CPU.ActiveCfg = Debug|Any CPU
		{BA483702-398C-47FD-A5A2-8E589888C383}.Debug|Any CPU.Build.0 = Debug|Any CPU
		{BA483702-398C-47FD-A5A2-8E589888C383}.Release|Any CPU.ActiveCfg = Release|Any CPU
		{BA483702-398C-47FD-A5A2-8E589888C383}.Release|Any CPU.Build.0 = Release|Any CPU
		{27C169E4-4626-4C27-8314-DB09A758FF2D}.Debug|Any CPU.ActiveCfg = Debug|Any CPU
		{27C169E4-4626-4C27-8314-DB09A758FF2D}.Debug|Any CPU.Build.0 = Debug|Any CPU
		{27C169E4-4626-4C27-8314-DB09A758FF2D}.Release|Any CPU.ActiveCfg = Release|Any CPU
		{27C169E4-4626-4C27-8314-DB09A758FF2D}.Release|Any CPU.Build.0 = Release|Any CPU
		{6FB88DDB-FB3B-4288-913C-383CABA2C4C7}.Debug|Any CPU.ActiveCfg = Debug|Any CPU
		{6FB88DDB-FB3B-4288-913C-383CABA2C4C7}.Debug|Any CPU.Build.0 = Debug|Any CPU
		{6FB88DDB-FB3B-4288-913C-383CABA2C4C7}.Release|Any CPU.ActiveCfg = Release|Any CPU
		{6FB88DDB-FB3B-4288-913C-383CABA2C4C7}.Release|Any CPU.Build.0 = Release|Any CPU
		{C7FC29BE-99D0-4E8E-BE62-1A1F73CF78CB}.Debug|Any CPU.ActiveCfg = Debug|Any CPU
		{C7FC29BE-99D0-4E8E-BE62-1A1F73CF78CB}.Debug|Any CPU.Build.0 = Debug|Any CPU
		{C7FC29BE-99D0-4E8E-BE62-1A1F73CF78CB}.Release|Any CPU.ActiveCfg = Release|Any CPU
		{C7FC29BE-99D0-4E8E-BE62-1A1F73CF78CB}.Release|Any CPU.Build.0 = Release|Any CPU
		{34111174-927E-467B-B2EB-7B00504C15B2}.Debug|Any CPU.ActiveCfg = Debug|Any CPU
		{34111174-927E-467B-B2EB-7B00504C15B2}.Debug|Any CPU.Build.0 = Debug|Any CPU
		{34111174-927E-467B-B2EB-7B00504C15B2}.Release|Any CPU.ActiveCfg = Release|Any CPU
		{34111174-927E-467B-B2EB-7B00504C15B2}.Release|Any CPU.Build.0 = Release|Any CPU
		{009E75C2-EB73-4918-83D0-7B1D6722039A}.Debug|Any CPU.ActiveCfg = Debug|Any CPU
		{009E75C2-EB73-4918-83D0-7B1D6722039A}.Debug|Any CPU.Build.0 = Debug|Any CPU
		{009E75C2-EB73-4918-83D0-7B1D6722039A}.Release|Any CPU.ActiveCfg = Release|Any CPU
		{009E75C2-EB73-4918-83D0-7B1D6722039A}.Release|Any CPU.Build.0 = Release|Any CPU
		{320B4BB3-7A83-49A5-BD79-68997BA3CA47}.Debug|Any CPU.ActiveCfg = Debug|Any CPU
		{320B4BB3-7A83-49A5-BD79-68997BA3CA47}.Debug|Any CPU.Build.0 = Debug|Any CPU
		{320B4BB3-7A83-49A5-BD79-68997BA3CA47}.Release|Any CPU.ActiveCfg = Release|Any CPU
		{320B4BB3-7A83-49A5-BD79-68997BA3CA47}.Release|Any CPU.Build.0 = Release|Any CPU
		{4ACAC106-E6DB-48A2-BBC2-CAABA3793FE3}.Debug|Any CPU.ActiveCfg = Debug|Any CPU
		{4ACAC106-E6DB-48A2-BBC2-CAABA3793FE3}.Debug|Any CPU.Build.0 = Debug|Any CPU
		{4ACAC106-E6DB-48A2-BBC2-CAABA3793FE3}.Release|Any CPU.ActiveCfg = Release|Any CPU
		{4ACAC106-E6DB-48A2-BBC2-CAABA3793FE3}.Release|Any CPU.Build.0 = Release|Any CPU
		{ABE747A3-F847-462F-B796-D1D15F2829A6}.Debug|Any CPU.ActiveCfg = Debug|Any CPU
		{ABE747A3-F847-462F-B796-D1D15F2829A6}.Debug|Any CPU.Build.0 = Debug|Any CPU
		{ABE747A3-F847-462F-B796-D1D15F2829A6}.Release|Any CPU.ActiveCfg = Release|Any CPU
		{ABE747A3-F847-462F-B796-D1D15F2829A6}.Release|Any CPU.Build.0 = Release|Any CPU
		{38DA9401-9E93-4DD2-BBE8-859851E2A177}.Debug|Any CPU.ActiveCfg = Debug|Any CPU
		{38DA9401-9E93-4DD2-BBE8-859851E2A177}.Debug|Any CPU.Build.0 = Debug|Any CPU
		{38DA9401-9E93-4DD2-BBE8-859851E2A177}.Release|Any CPU.ActiveCfg = Release|Any CPU
		{38DA9401-9E93-4DD2-BBE8-859851E2A177}.Release|Any CPU.Build.0 = Release|Any CPU
		{FE6BA10F-F81A-451C-9963-894D94884B0A}.Debug|Any CPU.ActiveCfg = Debug|Any CPU
		{FE6BA10F-F81A-451C-9963-894D94884B0A}.Debug|Any CPU.Build.0 = Debug|Any CPU
		{FE6BA10F-F81A-451C-9963-894D94884B0A}.Release|Any CPU.ActiveCfg = Release|Any CPU
		{FE6BA10F-F81A-451C-9963-894D94884B0A}.Release|Any CPU.Build.0 = Release|Any CPU
		{182D5545-C6E8-4A72-9744-744CF0126F01}.Debug|Any CPU.ActiveCfg = Debug|Any CPU
		{182D5545-C6E8-4A72-9744-744CF0126F01}.Debug|Any CPU.Build.0 = Debug|Any CPU
		{182D5545-C6E8-4A72-9744-744CF0126F01}.Release|Any CPU.ActiveCfg = Release|Any CPU
		{182D5545-C6E8-4A72-9744-744CF0126F01}.Release|Any CPU.Build.0 = Release|Any CPU
		{1DD132FD-15E8-4666-BCB8-F80E297C066F}.Debug|Any CPU.ActiveCfg = Debug|Any CPU
		{1DD132FD-15E8-4666-BCB8-F80E297C066F}.Debug|Any CPU.Build.0 = Debug|Any CPU
		{1DD132FD-15E8-4666-BCB8-F80E297C066F}.Release|Any CPU.ActiveCfg = Release|Any CPU
		{1DD132FD-15E8-4666-BCB8-F80E297C066F}.Release|Any CPU.Build.0 = Release|Any CPU
		{5E31D9EC-C0AD-4231-89D9-77352CD767E5}.Debug|Any CPU.ActiveCfg = Debug|Any CPU
		{5E31D9EC-C0AD-4231-89D9-77352CD767E5}.Debug|Any CPU.Build.0 = Debug|Any CPU
		{5E31D9EC-C0AD-4231-89D9-77352CD767E5}.Release|Any CPU.ActiveCfg = Release|Any CPU
		{5E31D9EC-C0AD-4231-89D9-77352CD767E5}.Release|Any CPU.Build.0 = Release|Any CPU
		{8218F29B-7A3A-4CEF-82E7-B48F6185EF4C}.Debug|Any CPU.ActiveCfg = Debug|Any CPU
		{8218F29B-7A3A-4CEF-82E7-B48F6185EF4C}.Debug|Any CPU.Build.0 = Debug|Any CPU
		{8218F29B-7A3A-4CEF-82E7-B48F6185EF4C}.Release|Any CPU.ActiveCfg = Release|Any CPU
		{8218F29B-7A3A-4CEF-82E7-B48F6185EF4C}.Release|Any CPU.Build.0 = Release|Any CPU
		{108ED2F3-F51B-4740-9B35-0B8C63CF92A4}.Debug|Any CPU.ActiveCfg = Debug|Any CPU
		{108ED2F3-F51B-4740-9B35-0B8C63CF92A4}.Debug|Any CPU.Build.0 = Debug|Any CPU
		{108ED2F3-F51B-4740-9B35-0B8C63CF92A4}.Release|Any CPU.ActiveCfg = Release|Any CPU
		{108ED2F3-F51B-4740-9B35-0B8C63CF92A4}.Release|Any CPU.Build.0 = Release|Any CPU
		{FFA9651D-A9FC-4A5A-9A49-987A33440DC7}.Debug|Any CPU.ActiveCfg = Debug|Any CPU
		{FFA9651D-A9FC-4A5A-9A49-987A33440DC7}.Debug|Any CPU.Build.0 = Debug|Any CPU
		{FFA9651D-A9FC-4A5A-9A49-987A33440DC7}.Release|Any CPU.ActiveCfg = Release|Any CPU
		{FFA9651D-A9FC-4A5A-9A49-987A33440DC7}.Release|Any CPU.Build.0 = Release|Any CPU
		{540FFD99-B14C-4EE7-89C3-DD9EEC0A19DE}.Debug|Any CPU.ActiveCfg = Debug|Any CPU
		{540FFD99-B14C-4EE7-89C3-DD9EEC0A19DE}.Debug|Any CPU.Build.0 = Debug|Any CPU
		{540FFD99-B14C-4EE7-89C3-DD9EEC0A19DE}.Release|Any CPU.ActiveCfg = Release|Any CPU
		{540FFD99-B14C-4EE7-89C3-DD9EEC0A19DE}.Release|Any CPU.Build.0 = Release|Any CPU
		{E1641827-83C8-412A-873A-92EBB6A32531}.Debug|Any CPU.ActiveCfg = Debug|Any CPU
		{E1641827-83C8-412A-873A-92EBB6A32531}.Debug|Any CPU.Build.0 = Debug|Any CPU
		{E1641827-83C8-412A-873A-92EBB6A32531}.Release|Any CPU.ActiveCfg = Release|Any CPU
		{E1641827-83C8-412A-873A-92EBB6A32531}.Release|Any CPU.Build.0 = Release|Any CPU
		{43029892-68EF-4363-BAE3-7AC03979A07B}.Debug|Any CPU.ActiveCfg = Debug|Any CPU
		{43029892-68EF-4363-BAE3-7AC03979A07B}.Debug|Any CPU.Build.0 = Debug|Any CPU
		{43029892-68EF-4363-BAE3-7AC03979A07B}.Release|Any CPU.ActiveCfg = Release|Any CPU
		{43029892-68EF-4363-BAE3-7AC03979A07B}.Release|Any CPU.Build.0 = Release|Any CPU
		{B32611E7-92FF-4EBA-9377-3646287EDE70}.Debug|Any CPU.ActiveCfg = Debug|Any CPU
		{B32611E7-92FF-4EBA-9377-3646287EDE70}.Debug|Any CPU.Build.0 = Debug|Any CPU
		{B32611E7-92FF-4EBA-9377-3646287EDE70}.Release|Any CPU.ActiveCfg = Release|Any CPU
		{B32611E7-92FF-4EBA-9377-3646287EDE70}.Release|Any CPU.Build.0 = Release|Any CPU
	EndGlobalSection
	GlobalSection(SolutionProperties) = preSolution
		HideSolutionNode = FALSE
	EndGlobalSection
	GlobalSection(NestedProjects) = preSolution
		{942696A9-A963-4325-80CB-9993D1558C29} = {63CF0F15-2ADE-4CC9-ACB0-DAAA432CC8A9}
		{6F9B7AE0-9527-428D-A239-016B6B253F55} = {63CF0F15-2ADE-4CC9-ACB0-DAAA432CC8A9}
		{9D1D0CB6-89A7-46A1-81B9-A8D183AA9582} = {63CF0F15-2ADE-4CC9-ACB0-DAAA432CC8A9}
		{2536B0FD-9D10-46B9-89A1-46D8147D046A} = {63CF0F15-2ADE-4CC9-ACB0-DAAA432CC8A9}
		{44766E3A-2FA9-44E6-B617-4C03A9387979} = {63CF0F15-2ADE-4CC9-ACB0-DAAA432CC8A9}
		{E0B89853-D4A2-48F1-B06F-60ECCA9E4DBF} = {63CF0F15-2ADE-4CC9-ACB0-DAAA432CC8A9}
		{6E6D0FF3-20DC-4965-8983-8119A29F61BC} = {3D708D2A-9346-497C-9A8A-3A0C0778D84B}
		{69AB06AF-B287-4BDE-BF66-D66675CD6027} = {3D708D2A-9346-497C-9A8A-3A0C0778D84B}
		{EA741EBA-4115-4C82-B84A-57039C6B4632} = {3D708D2A-9346-497C-9A8A-3A0C0778D84B}
		{76D31B21-C2CE-4BFF-959E-10B6949A0AC1} = {3D708D2A-9346-497C-9A8A-3A0C0778D84B}
		{98C2FBD9-B391-4B90-AC9C-5778E93E0475} = {3D708D2A-9346-497C-9A8A-3A0C0778D84B}
		{EB3057F4-065E-431D-9E79-B02502AA85F3} = {3D708D2A-9346-497C-9A8A-3A0C0778D84B}
		{9ECDCA6C-327A-48CB-940C-4D3D5D6B6EF8} = {3D708D2A-9346-497C-9A8A-3A0C0778D84B}
		{C0DA6AA6-BC8A-45C6-8653-68387652664D} = {3D708D2A-9346-497C-9A8A-3A0C0778D84B}
		{ADF67B49-CA97-43B6-9736-85C3B3D36369} = {3D708D2A-9346-497C-9A8A-3A0C0778D84B}
		{E8B155AB-5B19-46F3-B51E-78FCBB339AF8} = {3D708D2A-9346-497C-9A8A-3A0C0778D84B}
		{8CB8635C-A204-4900-B798-F53D478F0CC7} = {3D708D2A-9346-497C-9A8A-3A0C0778D84B}
		{A31331AD-5F12-4157-A903-B089AAB16AFF} = {C032C7DE-3E81-40C6-A07B-5803FE75578F}
		{DC44BD9A-4A52-483D-8A0B-433AF7920D11} = {A31331AD-5F12-4157-A903-B089AAB16AFF}
		{5B09CA84-1575-4947-96A1-041FDB9241F9} = {A31331AD-5F12-4157-A903-B089AAB16AFF}
		{39740514-C4E0-4691-BC19-F5724E66B9CF} = {A31331AD-5F12-4157-A903-B089AAB16AFF}
		{581C0929-752A-4CD9-8BC3-1D51E5680EF2} = {A31331AD-5F12-4157-A903-B089AAB16AFF}
		{AE891B63-E98B-4D48-8BBB-043C5AE766AC} = {C032C7DE-3E81-40C6-A07B-5803FE75578F}
		{366C932C-FDEA-424A-926C-F1932BA21704} = {A31331AD-5F12-4157-A903-B089AAB16AFF}
		{DD051279-CD66-4A14-BC7C-CF12CE00BD82} = {A31331AD-5F12-4157-A903-B089AAB16AFF}
		{498E660D-128A-4CF7-9810-DAC4AC4C80CE} = {A31331AD-5F12-4157-A903-B089AAB16AFF}
		{C467915F-4E19-4C98-8F42-A6D6B232F84A} = {A31331AD-5F12-4157-A903-B089AAB16AFF}
		{BEC0B440-91F5-49A1-9D53-F408F8AFA340} = {C032C7DE-3E81-40C6-A07B-5803FE75578F}
		{56FF9D6A-8417-4694-B621-E092EE2B184A} = {BEC0B440-91F5-49A1-9D53-F408F8AFA340}
		{CB17BF86-EE6B-4018-AA57-C2BA5748CD68} = {BEC0B440-91F5-49A1-9D53-F408F8AFA340}
		{69A38847-5D41-4206-A263-1CDFC75A0F55} = {BEC0B440-91F5-49A1-9D53-F408F8AFA340}
		{90ED2E54-7F87-439F-8575-F9F5893D5883} = {C032C7DE-3E81-40C6-A07B-5803FE75578F}
		{A0993BD0-0777-430B-A2B6-70C52C725867} = {90ED2E54-7F87-439F-8575-F9F5893D5883}
		{BE8F97FD-7790-42DE-AE47-A44B5D999C0B} = {90ED2E54-7F87-439F-8575-F9F5893D5883}
		{A6F5BC0F-D203-447A-847E-F053151ED704} = {C032C7DE-3E81-40C6-A07B-5803FE75578F}
		{347C99C4-E79F-4709-92D8-1E24E9120859} = {A6F5BC0F-D203-447A-847E-F053151ED704}
		{D46CECD6-3207-48AF-B7FB-88D8C43242C0} = {A6F5BC0F-D203-447A-847E-F053151ED704}
		{6450AEEB-B17A-4E80-9549-65A341B90E10} = {A6F5BC0F-D203-447A-847E-F053151ED704}
		{BA483702-398C-47FD-A5A2-8E589888C383} = {A6F5BC0F-D203-447A-847E-F053151ED704}
		{27C169E4-4626-4C27-8314-DB09A758FF2D} = {A6F5BC0F-D203-447A-847E-F053151ED704}
		{131CB343-13F2-49C2-BCE7-ACD079081C5E} = {C032C7DE-3E81-40C6-A07B-5803FE75578F}
		{6FB88DDB-FB3B-4288-913C-383CABA2C4C7} = {131CB343-13F2-49C2-BCE7-ACD079081C5E}
		{FC607831-CED6-426D-B074-7F3ACDC507D7} = {131CB343-13F2-49C2-BCE7-ACD079081C5E}
		{C7FC29BE-99D0-4E8E-BE62-1A1F73CF78CB} = {FC607831-CED6-426D-B074-7F3ACDC507D7}
		{34111174-927E-467B-B2EB-7B00504C15B2} = {FC607831-CED6-426D-B074-7F3ACDC507D7}
		{009E75C2-EB73-4918-83D0-7B1D6722039A} = {FC607831-CED6-426D-B074-7F3ACDC507D7}
		{6F5C9D45-3B28-47E3-826B-C75DC66E58BA} = {131CB343-13F2-49C2-BCE7-ACD079081C5E}
		{320B4BB3-7A83-49A5-BD79-68997BA3CA47} = {6F5C9D45-3B28-47E3-826B-C75DC66E58BA}
		{4ACAC106-E6DB-48A2-BBC2-CAABA3793FE3} = {6F5C9D45-3B28-47E3-826B-C75DC66E58BA}
		{ABE747A3-F847-462F-B796-D1D15F2829A6} = {131CB343-13F2-49C2-BCE7-ACD079081C5E}
		{38DA9401-9E93-4DD2-BBE8-859851E2A177} = {131CB343-13F2-49C2-BCE7-ACD079081C5E}
		{FE6BA10F-F81A-451C-9963-894D94884B0A} = {131CB343-13F2-49C2-BCE7-ACD079081C5E}
		{182D5545-C6E8-4A72-9744-744CF0126F01} = {131CB343-13F2-49C2-BCE7-ACD079081C5E}
		{14DE3015-E63E-4AA2-A31D-AB235660BBBB} = {C032C7DE-3E81-40C6-A07B-5803FE75578F}
		{1DD132FD-15E8-4666-BCB8-F80E297C066F} = {14DE3015-E63E-4AA2-A31D-AB235660BBBB}
		{5E31D9EC-C0AD-4231-89D9-77352CD767E5} = {14DE3015-E63E-4AA2-A31D-AB235660BBBB}
		{8218F29B-7A3A-4CEF-82E7-B48F6185EF4C} = {14DE3015-E63E-4AA2-A31D-AB235660BBBB}
		{0A6093B3-0304-47A0-B8AD-A8B32FC7A240} = {C032C7DE-3E81-40C6-A07B-5803FE75578F}
		{108ED2F3-F51B-4740-9B35-0B8C63CF92A4} = {0A6093B3-0304-47A0-B8AD-A8B32FC7A240}
		{FFA9651D-A9FC-4A5A-9A49-987A33440DC7} = {0A6093B3-0304-47A0-B8AD-A8B32FC7A240}
		{540FFD99-B14C-4EE7-89C3-DD9EEC0A19DE} = {0A6093B3-0304-47A0-B8AD-A8B32FC7A240}
		{E1641827-83C8-412A-873A-92EBB6A32531} = {0A6093B3-0304-47A0-B8AD-A8B32FC7A240}
		{43029892-68EF-4363-BAE3-7AC03979A07B} = {0A6093B3-0304-47A0-B8AD-A8B32FC7A240}
		{B32611E7-92FF-4EBA-9377-3646287EDE70} = {0A6093B3-0304-47A0-B8AD-A8B32FC7A240}
	EndGlobalSection
	GlobalSection(ExtensibilityGlobals) = postSolution
		SolutionGuid = {8DF2636D-FB12-4B48-AF41-811D3C4647D9}
	EndGlobalSection
EndGlobal
